
Microsoft Visual Studio Solution File, Format Version 12.00
# Visual Studio Version 17
VisualStudioVersion = 17.5.002.0
MinimumVisualStudioVersion = 10.0.40219.1
Project("{9A19103F-16F7-4668-BE54-9A1E7A4F7556}") = "nomes", "nomes.csproj", "{59E44E36-3C89-41B1-A252-D8871FE5A639}"
EndProject
Global
	GlobalSection(SolutionConfigurationPlatforms) = preSolution
		Debug|Any CPU = Debug|Any CPU
		Release|Any CPU = Release|Any CPU
	EndGlobalSection
	GlobalSection(ProjectConfigurationPlatforms) = postSolution
		{59E44E36-3C89-41B1-A252-D8871FE5A639}.Debug|Any CPU.ActiveCfg = Debug|Any CPU
		{59E44E36-3C89-41B1-A252-D8871FE5A639}.Debug|Any CPU.Build.0 = Debug|Any CPU
		{59E44E36-3C89-41B1-A252-D8871FE5A639}.Release|Any CPU.ActiveCfg = Release|Any CPU
		{59E44E36-3C89-41B1-A252-D8871FE5A639}.Release|Any CPU.Build.0 = Release|Any CPU
	EndGlobalSection
	GlobalSection(SolutionProperties) = preSolution
		HideSolutionNode = FALSE
	EndGlobalSection
	GlobalSection(ExtensibilityGlobals) = postSolution
		SolutionGuid = {5C2E6064-273A-4A0E-9008-F51F8BD465F5}
	EndGlobalSection
EndGlobal
